
Microsoft Visual Studio Solution File, Format Version 12.00
# Visual Studio Version 16
VisualStudioVersion = 16.0.29519.87
MinimumVisualStudioVersion = 10.0.40219.1
Project("{FAE04EC0-301F-11D3-BF4B-00C04F79EFBC}") = "WindowsFormsApp14", "WindowsFormsApp14\WindowsFormsApp14.csproj", "{CEF335AA-D61B-4994-9715-149E36A34D9F}"
EndProject
Global
	GlobalSection(SolutionConfigurationPlatforms) = preSolution
		Debug|Any CPU = Debug|Any CPU
		Release|Any CPU = Release|Any CPU
	EndGlobalSection
	GlobalSection(ProjectConfigurationPlatforms) = postSolution
		{CEF335AA-D61B-4994-9715-149E36A34D9F}.Debug|Any CPU.ActiveCfg = Debug|Any CPU
		{CEF335AA-D61B-4994-9715-149E36A34D9F}.Debug|Any CPU.Build.0 = Debug|Any CPU
		{CEF335AA-D61B-4994-9715-149E36A34D9F}.Release|Any CPU.ActiveCfg = Release|Any CPU
		{CEF335AA-D61B-4994-9715-149E36A34D9F}.Release|Any CPU.Build.0 = Release|Any CPU
	EndGlobalSection
	GlobalSection(SolutionProperties) = preSolution
		HideSolutionNode = FALSE
	EndGlobalSection
	GlobalSection(ExtensibilityGlobals) = postSolution
		SolutionGuid = {1BA737D7-BC21-4F80-B8F0-7A95E76B1EF4}
	EndGlobalSection
EndGlobal
